
Microsoft Visual Studio Solution File, Format Version 12.00
# Visual Studio Version 16
VisualStudioVersion = 16.0.29519.181
MinimumVisualStudioVersion = 10.0.40219.1
Project("{9A19103F-16F7-4668-BE54-9A1E7A4F7556}") = "Domain", "Domain\Domain.csproj", "{EE6E4573-82DA-48C9-969B-3312AA89B017}"
EndProject
Project("{9A19103F-16F7-4668-BE54-9A1E7A4F7556}") = "Application", "Application\Application.csproj", "{607E4F24-5E95-40F5-8BBD-74086C93A894}"
EndProject
Project("{9A19103F-16F7-4668-BE54-9A1E7A4F7556}") = "DataAccess", "DataAccess\DataAccess.csproj", "{9AC2270A-AC54-48F3-A3ED-B6F618759917}"
EndProject
Project("{9A19103F-16F7-4668-BE54-9A1E7A4F7556}") = "EfCommand", "EfCommand\EfCommand.csproj", "{105F642F-3CF0-4BFF-8F7B-F97D34F51408}"
EndProject
Project("{9A19103F-16F7-4668-BE54-9A1E7A4F7556}") = "ChatAppAsp", "ChatAppAsp\ChatAppAsp.csproj", "{F9D8F223-A976-4805-B089-38C914558A55}"
EndProject
Global
	GlobalSection(SolutionConfigurationPlatforms) = preSolution
		Debug|Any CPU = Debug|Any CPU
		Release|Any CPU = Release|Any CPU
	EndGlobalSection
	GlobalSection(ProjectConfigurationPlatforms) = postSolution
		{EE6E4573-82DA-48C9-969B-3312AA89B017}.Debug|Any CPU.ActiveCfg = Debug|Any CPU
		{EE6E4573-82DA-48C9-969B-3312AA89B017}.Debug|Any CPU.Build.0 = Debug|Any CPU
		{EE6E4573-82DA-48C9-969B-3312AA89B017}.Release|Any CPU.ActiveCfg = Release|Any CPU
		{EE6E4573-82DA-48C9-969B-3312AA89B017}.Release|Any CPU.Build.0 = Release|Any CPU
		{607E4F24-5E95-40F5-8BBD-74086C93A894}.Debug|Any CPU.ActiveCfg = Debug|Any CPU
		{607E4F24-5E95-40F5-8BBD-74086C93A894}.Debug|Any CPU.Build.0 = Debug|Any CPU
		{607E4F24-5E95-40F5-8BBD-74086C93A894}.Release|Any CPU.ActiveCfg = Release|Any CPU
		{607E4F24-5E95-40F5-8BBD-74086C93A894}.Release|Any CPU.Build.0 = Release|Any CPU
		{9AC2270A-AC54-48F3-A3ED-B6F618759917}.Debug|Any CPU.ActiveCfg = Debug|Any CPU
		{9AC2270A-AC54-48F3-A3ED-B6F618759917}.Debug|Any CPU.Build.0 = Debug|Any CPU
		{9AC2270A-AC54-48F3-A3ED-B6F618759917}.Release|Any CPU.ActiveCfg = Release|Any CPU
		{9AC2270A-AC54-48F3-A3ED-B6F618759917}.Release|Any CPU.Build.0 = Release|Any CPU
		{105F642F-3CF0-4BFF-8F7B-F97D34F51408}.Debug|Any CPU.ActiveCfg = Debug|Any CPU
		{105F642F-3CF0-4BFF-8F7B-F97D34F51408}.Debug|Any CPU.Build.0 = Debug|Any CPU
		{105F642F-3CF0-4BFF-8F7B-F97D34F51408}.Release|Any CPU.ActiveCfg = Release|Any CPU
		{105F642F-3CF0-4BFF-8F7B-F97D34F51408}.Release|Any CPU.Build.0 = Release|Any CPU
		{F9D8F223-A976-4805-B089-38C914558A55}.Debug|Any CPU.ActiveCfg = Debug|Any CPU
		{F9D8F223-A976-4805-B089-38C914558A55}.Debug|Any CPU.Build.0 = Debug|Any CPU
		{F9D8F223-A976-4805-B089-38C914558A55}.Release|Any CPU.ActiveCfg = Release|Any CPU
		{F9D8F223-A976-4805-B089-38C914558A55}.Release|Any CPU.Build.0 = Release|Any CPU
	EndGlobalSection
	GlobalSection(SolutionProperties) = preSolution
		HideSolutionNode = FALSE
	EndGlobalSection
	GlobalSection(ExtensibilityGlobals) = postSolution
		SolutionGuid = {739D1B8A-C9F0-44AB-8BBC-15F2DC668ACE}
	EndGlobalSection
EndGlobal
